
Microsoft Visual Studio Solution File, Format Version 11.00
# Visual Studio 2010
Project("{FAE04EC0-301F-11D3-BF4B-00C04F79EFBC}") = "CaptureImageToolDemo", "CaptureImageToolDemo\CaptureImageToolDemo.csproj", "{A1F85AB3-8F62-4E55-BBEF-BD8707C00616}"
EndProject
Project("{FAE04EC0-301F-11D3-BF4B-00C04F79EFBC}") = "CaptureImageTool", "CaptureImageTool\CaptureImageTool.csproj", "{13E62362-5D00-418F-83FF-99B2699746D7}"
EndProject
Project("{FAE04EC0-301F-11D3-BF4B-00C04F79EFBC}") = "MyTest", "MyTest\MyTest.csproj", "{2F1484D3-5964-4D6B-A1A8-88ADA85E4D8A}"
EndProject
Global
	GlobalSection(SolutionConfigurationPlatforms) = preSolution
		Debug|Any CPU = Debug|Any CPU
		Debug|Mixed Platforms = Debug|Mixed Platforms
		Debug|x86 = Debug|x86
		Release|Any CPU = Release|Any CPU
		Release|Mixed Platforms = Release|Mixed Platforms
		Release|x86 = Release|x86
	EndGlobalSection
	GlobalSection(ProjectConfigurationPlatforms) = postSolution
		{A1F85AB3-8F62-4E55-BBEF-BD8707C00616}.Debug|Any CPU.ActiveCfg = Debug|Any CPU
		{A1F85AB3-8F62-4E55-BBEF-BD8707C00616}.Debug|Any CPU.Build.0 = Debug|Any CPU
		{A1F85AB3-8F62-4E55-BBEF-BD8707C00616}.Debug|Mixed Platforms.ActiveCfg = Debug|Any CPU
		{A1F85AB3-8F62-4E55-BBEF-BD8707C00616}.Debug|Mixed Platforms.Build.0 = Debug|Any CPU
		{A1F85AB3-8F62-4E55-BBEF-BD8707C00616}.Debug|x86.ActiveCfg = Debug|Any CPU
		{A1F85AB3-8F62-4E55-BBEF-BD8707C00616}.Release|Any CPU.ActiveCfg = Release|Any CPU
		{A1F85AB3-8F62-4E55-BBEF-BD8707C00616}.Release|Any CPU.Build.0 = Release|Any CPU
		{A1F85AB3-8F62-4E55-BBEF-BD8707C00616}.Release|Mixed Platforms.ActiveCfg = Release|Any CPU
		{A1F85AB3-8F62-4E55-BBEF-BD8707C00616}.Release|Mixed Platforms.Build.0 = Release|Any CPU
		{A1F85AB3-8F62-4E55-BBEF-BD8707C00616}.Release|x86.ActiveCfg = Release|Any CPU
		{13E62362-5D00-418F-83FF-99B2699746D7}.Debug|Any CPU.ActiveCfg = Debug|Any CPU
		{13E62362-5D00-418F-83FF-99B2699746D7}.Debug|Any CPU.Build.0 = Debug|Any CPU
		{13E62362-5D00-418F-83FF-99B2699746D7}.Debug|Mixed Platforms.ActiveCfg = Debug|Any CPU
		{13E62362-5D00-418F-83FF-99B2699746D7}.Debug|Mixed Platforms.Build.0 = Debug|Any CPU
		{13E62362-5D00-418F-83FF-99B2699746D7}.Debug|x86.ActiveCfg = Debug|Any CPU
		{13E62362-5D00-418F-83FF-99B2699746D7}.Release|Any CPU.ActiveCfg = Release|Any CPU
		{13E62362-5D00-418F-83FF-99B2699746D7}.Release|Any CPU.Build.0 = Release|Any CPU
		{13E62362-5D00-418F-83FF-99B2699746D7}.Release|Mixed Platforms.ActiveCfg = Release|Any CPU
		{13E62362-5D00-418F-83FF-99B2699746D7}.Release|Mixed Platforms.Build.0 = Release|Any CPU
		{13E62362-5D00-418F-83FF-99B2699746D7}.Release|x86.ActiveCfg = Release|Any CPU
		{2F1484D3-5964-4D6B-A1A8-88ADA85E4D8A}.Debug|Any CPU.ActiveCfg = Debug|Any CPU
		{2F1484D3-5964-4D6B-A1A8-88ADA85E4D8A}.Debug|Any CPU.Build.0 = Debug|Any CPU
		{2F1484D3-5964-4D6B-A1A8-88ADA85E4D8A}.Debug|Mixed Platforms.ActiveCfg = Debug|Any CPU
		{2F1484D3-5964-4D6B-A1A8-88ADA85E4D8A}.Debug|Mixed Platforms.Build.0 = Debug|Any CPU
		{2F1484D3-5964-4D6B-A1A8-88ADA85E4D8A}.Debug|x86.ActiveCfg = Debug|Any CPU
		{2F1484D3-5964-4D6B-A1A8-88ADA85E4D8A}.Release|Any CPU.ActiveCfg = Release|Any CPU
		{2F1484D3-5964-4D6B-A1A8-88ADA85E4D8A}.Release|Any CPU.Build.0 = Release|Any CPU
		{2F1484D3-5964-4D6B-A1A8-88ADA85E4D8A}.Release|Mixed Platforms.ActiveCfg = Release|Any CPU
		{2F1484D3-5964-4D6B-A1A8-88ADA85E4D8A}.Release|Mixed Platforms.Build.0 = Release|Any CPU
		{2F1484D3-5964-4D6B-A1A8-88ADA85E4D8A}.Release|x86.ActiveCfg = Release|Any CPU
	EndGlobalSection
	GlobalSection(SolutionProperties) = preSolution
		HideSolutionNode = FALSE
	EndGlobalSection
EndGlobal
